
Microsoft Visual Studio Solution File, Format Version 12.00
# Visual Studio Version 16
VisualStudioVersion = 16.0.29230.47
MinimumVisualStudioVersion = 10.0.40219.1
Project("{FAE04EC0-301F-11D3-BF4B-00C04F79EFBC}") = "Escribir cadena", "Escribir cadena\Escribir cadena.csproj", "{4A3B532B-ADED-4B5F-B61D-1F47B54C0CE1}"
EndProject
Global
	GlobalSection(SolutionConfigurationPlatforms) = preSolution
		Debug|Any CPU = Debug|Any CPU
		Release|Any CPU = Release|Any CPU
	EndGlobalSection
	GlobalSection(ProjectConfigurationPlatforms) = postSolution
		{4A3B532B-ADED-4B5F-B61D-1F47B54C0CE1}.Debug|Any CPU.ActiveCfg = Debug|Any CPU
		{4A3B532B-ADED-4B5F-B61D-1F47B54C0CE1}.Debug|Any CPU.Build.0 = Debug|Any CPU
		{4A3B532B-ADED-4B5F-B61D-1F47B54C0CE1}.Release|Any CPU.ActiveCfg = Release|Any CPU
		{4A3B532B-ADED-4B5F-B61D-1F47B54C0CE1}.Release|Any CPU.Build.0 = Release|Any CPU
	EndGlobalSection
	GlobalSection(SolutionProperties) = preSolution
		HideSolutionNode = FALSE
	EndGlobalSection
	GlobalSection(ExtensibilityGlobals) = postSolution
		SolutionGuid = {C6677550-8855-489C-841D-34F8632A6CA0}
	EndGlobalSection
EndGlobal
