
Microsoft Visual Studio Solution File, Format Version 12.00
# Visual Studio Version 16
VisualStudioVersion = 16.0.29519.87
MinimumVisualStudioVersion = 10.0.40219.1
Project("{FAE04EC0-301F-11D3-BF4B-00C04F79EFBC}") = "Problema_4", "Problema_4\Problema_4.csproj", "{C1201B09-9C9C-4F41-A7EB-D393521A5EEA}"
EndProject
Global
	GlobalSection(SolutionConfigurationPlatforms) = preSolution
		Debug|Any CPU = Debug|Any CPU
		Release|Any CPU = Release|Any CPU
	EndGlobalSection
	GlobalSection(ProjectConfigurationPlatforms) = postSolution
		{C1201B09-9C9C-4F41-A7EB-D393521A5EEA}.Debug|Any CPU.ActiveCfg = Debug|Any CPU
		{C1201B09-9C9C-4F41-A7EB-D393521A5EEA}.Debug|Any CPU.Build.0 = Debug|Any CPU
		{C1201B09-9C9C-4F41-A7EB-D393521A5EEA}.Release|Any CPU.ActiveCfg = Release|Any CPU
		{C1201B09-9C9C-4F41-A7EB-D393521A5EEA}.Release|Any CPU.Build.0 = Release|Any CPU
	EndGlobalSection
	GlobalSection(SolutionProperties) = preSolution
		HideSolutionNode = FALSE
	EndGlobalSection
	GlobalSection(ExtensibilityGlobals) = postSolution
		SolutionGuid = {40CCDDD7-DA50-429E-9B6A-D10723049099}
	EndGlobalSection
EndGlobal
