
Microsoft Visual Studio Solution File, Format Version 12.00
# Visual Studio Version 16
VisualStudioVersion = 16.0.30413.136
MinimumVisualStudioVersion = 10.0.40219.1
Project("{2150E333-8FDC-42A3-9474-1A3956D46DE8}") = "Parcial 2", "Parcial 2", "{2C7BC72D-6C34-4C71-AF34-63491D8BB5E0}"
EndProject
Project("{2150E333-8FDC-42A3-9474-1A3956D46DE8}") = "Parcial 3", "Parcial 3", "{869BBB5D-CF78-4DB1-B99F-EC62CE41C15D}"
EndProject
Project("{2150E333-8FDC-42A3-9474-1A3956D46DE8}") = "Parcial 4", "Parcial 4", "{6BA5DA6A-5078-4486-B8A9-4CF159D0C2FC}"
EndProject
Project("{2150E333-8FDC-42A3-9474-1A3956D46DE8}") = "Parcial 5", "Parcial 5", "{E613A157-29A2-405C-BA14-36F515887744}"
EndProject
Project("{FAE04EC0-301F-11D3-BF4B-00C04F79EFBC}") = "Agenda", "Unidad 2\Agenda\Agenda\Agenda.csproj", "{77D46EA9-A6C2-447C-B98E-D8A0F80788A6}"
EndProject
Project("{FAE04EC0-301F-11D3-BF4B-00C04F79EFBC}") = "Calculadora", "Unidad 2\Calculadora\Calculadora\Calculadora.csproj", "{50CD473D-7AE5-4C38-A37B-D29CB4D991E0}"
EndProject
Project("{FAE04EC0-301F-11D3-BF4B-00C04F79EFBC}") = "Control y cuadros de diaologo", "Unidad 2\Control y cuadros de diaologo\Control y cuadros de diaologo\Control y cuadros de diaologo.csproj", "{23E39B31-0E19-4692-A324-3A9F06910881}"
EndProject
Project("{FAE04EC0-301F-11D3-BF4B-00C04F79EFBC}") = "CuadrosDdiaologo", "Unidad 2\Controles de Diaologo\CuadrosDdiaologo\CuadrosDdiaologo.csproj", "{AC67128E-0C9C-4736-8F73-34D7931DDDBF}"
EndProject
Project("{9A19103F-16F7-4668-BE54-9A1E7A4F7556}") = "cubo y cuarta", "Unidad 2\cubo y cuarta\cubo y cuarta\cubo y cuarta.csproj", "{EB682392-80D6-46B4-9B79-40D0228145F8}"
EndProject
Project("{9A19103F-16F7-4668-BE54-9A1E7A4F7556}") = "Escribir cadena", "Unidad 2\Escribir cadena\Escribir cadena\Escribir cadena.csproj", "{50DF1492-5523-4446-B118-87AA54C89FC5}"
EndProject
Project("{FAE04EC0-301F-11D3-BF4B-00C04F79EFBC}") = "Formatos de salida", "Unidad 2\Formatos de salida\Formatos de salida\Formatos de salida.csproj", "{F63DF7CD-CB87-4A93-BEA1-CA7540A91F28}"
EndProject
Project("{9A19103F-16F7-4668-BE54-9A1E7A4F7556}") = "Freddy", "Unidad 2\Freddy\Freddy\Freddy.csproj", "{0869F19B-14AC-446C-A208-BED53A3866CC}"
EndProject
Project("{FAE04EC0-301F-11D3-BF4B-00C04F79EFBC}") = "Generar Numeros Aleatorios", "Unidad 2\Generar Numeros Aleatorios\Generar Numeros Aleatorios\Generar Numeros Aleatorios.csproj", "{EEA5E1CA-033D-434E-8C4E-45BFFD6472C2}"
EndProject
Project("{9A19103F-16F7-4668-BE54-9A1E7A4F7556}") = "Hola Mundo", "Unidad 2\Hola Mundo\Hola Mundo\Hola Mundo.csproj", "{6DDFA9AB-1B02-43D0-AADC-F33999F34C12}"
EndProject
Project("{FAE04EC0-301F-11D3-BF4B-00C04F79EFBC}") = "Ine", "Unidad 2\Ine\Ine\Ine.csproj", "{1555704D-4516-46BD-A07B-EEC216193601}"
EndProject
Project("{FAE04EC0-301F-11D3-BF4B-00C04F79EFBC}") = "Insertar Calendario", "Unidad 2\Insertar Calendario\Insertar Calendario\Insertar Calendario.csproj", "{525B9DB1-0BC5-403A-AD9E-55EF3ACF30B8}"
EndProject
Project("{FAE04EC0-301F-11D3-BF4B-00C04F79EFBC}") = "ManejoFormularios", "Unidad 2\Manejo de Formularios\ManejoFormularios\ManejoFormularios.csproj", "{2FFA8EF4-C6CD-4C5B-864A-0747C5C759B2}"
EndProject
Project("{FAE04EC0-301F-11D3-BF4B-00C04F79EFBC}") = "MinMax", "Unidad 2\MinMax\MinMax\MinMax.csproj", "{8C05D58F-D309-4310-AFAC-FEBF56141E72}"
EndProject
Project("{9A19103F-16F7-4668-BE54-9A1E7A4F7556}") = "Observa", "Unidad 2\Observa\Observa\Observa.csproj", "{DFB89486-4EA2-4ABF-B80D-31ABCA06B34C}"
EndProject
Project("{9A19103F-16F7-4668-BE54-9A1E7A4F7556}") = "Promedio", "Unidad 2\Promedio\Promedio 2\Promedio.csproj", "{CD9BA6CB-3153-4B1A-891A-EDAB2A2A9130}"
EndProject
Project("{FAE04EC0-301F-11D3-BF4B-00C04F79EFBC}") = "Promedio 2.0", "Unidad 2\Promedio 2.0\Promedio 2.0\Promedio 2.0.csproj", "{A148113B-B66B-4235-B360-51C08884715D}"
EndProject
Project("{FAE04EC0-301F-11D3-BF4B-00C04F79EFBC}") = "Prac02U4", "Unidad 3\Prac02U4\Prac02U4\Prac02U4.csproj", "{3F8B9FD8-F9EE-46C0-B494-4E830363D893}"
EndProject
Project("{FAE04EC0-301F-11D3-BF4B-00C04F79EFBC}") = "Evidencia Practica 2", "Unidad 3\Evidencia Practica 2\Evidencia Practica 2\Evidencia Practica 2.csproj", "{4276F28B-0D74-4200-9222-3A755B7FE53D}"
EndProject
Project("{FAE04EC0-301F-11D3-BF4B-00C04F79EFBC}") = "Evidencia Practica 1 U3", "Unidad 3\Evidencia Practica 1 U3\Evidencia Practica 1 U3\Evidencia Practica 1 U3.csproj", "{0700C1E2-B809-4928-AE77-FDE65EA29F2A}"
EndProject
Project("{FAE04EC0-301F-11D3-BF4B-00C04F79EFBC}") = "Evidencia Prac01 U3 WindowsForm", "Unidad 3\Evidencia Prac01 U3 WindowsForm\Evidencia Prac01 U3 WindowsForm\Evidencia Prac01 U3 WindowsForm.csproj", "{65C44031-DEA6-4BC5-A3A5-667DB9B21CE1}"
EndProject
Project("{FAE04EC0-301F-11D3-BF4B-00C04F79EFBC}") = "P3U4", "Unidad 4\P3U4\P3U4\P3U4.csproj", "{62690B89-18A0-4F81-A611-BCB7ABBEAC98}"
EndProject
Project("{FAE04EC0-301F-11D3-BF4B-00C04F79EFBC}") = "Problema_1", "Unidad 4\Problema_1\Problema_1\Problema_1.csproj", "{87081F41-8FE9-46E3-9720-CE87B33C38E9}"
EndProject
Project("{FAE04EC0-301F-11D3-BF4B-00C04F79EFBC}") = "Problema_2", "Unidad 4\Problema_2\Problema_2\Problema_2.csproj", "{1C44BB55-BEF5-405B-838F-DF01C4EB5754}"
EndProject
Project("{9A19103F-16F7-4668-BE54-9A1E7A4F7556}") = "Problema_3", "Unidad 4\Problema_3\Problema_3\Problema_3.csproj", "{6FFD72FF-1077-4AF0-958F-767A31A09BAF}"
EndProject
Project("{9A19103F-16F7-4668-BE54-9A1E7A4F7556}") = "Problema_4", "Unidad 4\Problema_4\Problema_4\Problema_4.csproj", "{5C029253-8D60-496F-B4CC-73FBE7EAD877}"
EndProject
Project("{9A19103F-16F7-4668-BE54-9A1E7A4F7556}") = "Problema_5", "Unidad 4\Problema_5\Problema_5\Problema_5.csproj", "{742221C5-6324-4D4C-A044-8925C5057C70}"
EndProject
Project("{FAE04EC0-301F-11D3-BF4B-00C04F79EFBC}") = "Problema_1", "Unidad 5\Problema_1\Problema_1\Problema_1.csproj", "{2EA415E5-C64F-4EC1-AAD4-8D122A7BD548}"
EndProject
Project("{FAE04EC0-301F-11D3-BF4B-00C04F79EFBC}") = "Problema_2", "Unidad 5\Problema_2\Problema_2\Problema_2.csproj", "{FBC030BF-7CBF-42E4-B792-715B9E059F62}"
EndProject
Global
	GlobalSection(SolutionConfigurationPlatforms) = preSolution
		Debug|Any CPU = Debug|Any CPU
		Release|Any CPU = Release|Any CPU
	EndGlobalSection
	GlobalSection(ProjectConfigurationPlatforms) = postSolution
		{77D46EA9-A6C2-447C-B98E-D8A0F80788A6}.Debug|Any CPU.ActiveCfg = Debug|Any CPU
		{77D46EA9-A6C2-447C-B98E-D8A0F80788A6}.Debug|Any CPU.Build.0 = Debug|Any CPU
		{77D46EA9-A6C2-447C-B98E-D8A0F80788A6}.Release|Any CPU.ActiveCfg = Release|Any CPU
		{77D46EA9-A6C2-447C-B98E-D8A0F80788A6}.Release|Any CPU.Build.0 = Release|Any CPU
		{50CD473D-7AE5-4C38-A37B-D29CB4D991E0}.Debug|Any CPU.ActiveCfg = Debug|Any CPU
		{50CD473D-7AE5-4C38-A37B-D29CB4D991E0}.Debug|Any CPU.Build.0 = Debug|Any CPU
		{50CD473D-7AE5-4C38-A37B-D29CB4D991E0}.Release|Any CPU.ActiveCfg = Release|Any CPU
		{50CD473D-7AE5-4C38-A37B-D29CB4D991E0}.Release|Any CPU.Build.0 = Release|Any CPU
		{23E39B31-0E19-4692-A324-3A9F06910881}.Debug|Any CPU.ActiveCfg = Debug|Any CPU
		{23E39B31-0E19-4692-A324-3A9F06910881}.Debug|Any CPU.Build.0 = Debug|Any CPU
		{23E39B31-0E19-4692-A324-3A9F06910881}.Release|Any CPU.ActiveCfg = Release|Any CPU
		{23E39B31-0E19-4692-A324-3A9F06910881}.Release|Any CPU.Build.0 = Release|Any CPU
		{AC67128E-0C9C-4736-8F73-34D7931DDDBF}.Debug|Any CPU.ActiveCfg = Debug|Any CPU
		{AC67128E-0C9C-4736-8F73-34D7931DDDBF}.Debug|Any CPU.Build.0 = Debug|Any CPU
		{AC67128E-0C9C-4736-8F73-34D7931DDDBF}.Release|Any CPU.ActiveCfg = Release|Any CPU
		{AC67128E-0C9C-4736-8F73-34D7931DDDBF}.Release|Any CPU.Build.0 = Release|Any CPU
		{EB682392-80D6-46B4-9B79-40D0228145F8}.Debug|Any CPU.ActiveCfg = Debug|Any CPU
		{EB682392-80D6-46B4-9B79-40D0228145F8}.Debug|Any CPU.Build.0 = Debug|Any CPU
		{EB682392-80D6-46B4-9B79-40D0228145F8}.Release|Any CPU.ActiveCfg = Release|Any CPU
		{EB682392-80D6-46B4-9B79-40D0228145F8}.Release|Any CPU.Build.0 = Release|Any CPU
		{50DF1492-5523-4446-B118-87AA54C89FC5}.Debug|Any CPU.ActiveCfg = Debug|Any CPU
		{50DF1492-5523-4446-B118-87AA54C89FC5}.Debug|Any CPU.Build.0 = Debug|Any CPU
		{50DF1492-5523-4446-B118-87AA54C89FC5}.Release|Any CPU.ActiveCfg = Release|Any CPU
		{50DF1492-5523-4446-B118-87AA54C89FC5}.Release|Any CPU.Build.0 = Release|Any CPU
		{F63DF7CD-CB87-4A93-BEA1-CA7540A91F28}.Debug|Any CPU.ActiveCfg = Debug|Any CPU
		{F63DF7CD-CB87-4A93-BEA1-CA7540A91F28}.Debug|Any CPU.Build.0 = Debug|Any CPU
		{F63DF7CD-CB87-4A93-BEA1-CA7540A91F28}.Release|Any CPU.ActiveCfg = Release|Any CPU
		{F63DF7CD-CB87-4A93-BEA1-CA7540A91F28}.Release|Any CPU.Build.0 = Release|Any CPU
		{0869F19B-14AC-446C-A208-BED53A3866CC}.Debug|Any CPU.ActiveCfg = Debug|Any CPU
		{0869F19B-14AC-446C-A208-BED53A3866CC}.Debug|Any CPU.Build.0 = Debug|Any CPU
		{0869F19B-14AC-446C-A208-BED53A3866CC}.Release|Any CPU.ActiveCfg = Release|Any CPU
		{0869F19B-14AC-446C-A208-BED53A3866CC}.Release|Any CPU.Build.0 = Release|Any CPU
		{EEA5E1CA-033D-434E-8C4E-45BFFD6472C2}.Debug|Any CPU.ActiveCfg = Debug|Any CPU
		{EEA5E1CA-033D-434E-8C4E-45BFFD6472C2}.Debug|Any CPU.Build.0 = Debug|Any CPU
		{EEA5E1CA-033D-434E-8C4E-45BFFD6472C2}.Release|Any CPU.ActiveCfg = Release|Any CPU
		{EEA5E1CA-033D-434E-8C4E-45BFFD6472C2}.Release|Any CPU.Build.0 = Release|Any CPU
		{6DDFA9AB-1B02-43D0-AADC-F33999F34C12}.Debug|Any CPU.ActiveCfg = Debug|Any CPU
		{6DDFA9AB-1B02-43D0-AADC-F33999F34C12}.Debug|Any CPU.Build.0 = Debug|Any CPU
		{6DDFA9AB-1B02-43D0-AADC-F33999F34C12}.Release|Any CPU.ActiveCfg = Release|Any CPU
		{6DDFA9AB-1B02-43D0-AADC-F33999F34C12}.Release|Any CPU.Build.0 = Release|Any CPU
		{1555704D-4516-46BD-A07B-EEC216193601}.Debug|Any CPU.ActiveCfg = Debug|Any CPU
		{1555704D-4516-46BD-A07B-EEC216193601}.Debug|Any CPU.Build.0 = Debug|Any CPU
		{1555704D-4516-46BD-A07B-EEC216193601}.Release|Any CPU.ActiveCfg = Release|Any CPU
		{1555704D-4516-46BD-A07B-EEC216193601}.Release|Any CPU.Build.0 = Release|Any CPU
		{525B9DB1-0BC5-403A-AD9E-55EF3ACF30B8}.Debug|Any CPU.ActiveCfg = Debug|Any CPU
		{525B9DB1-0BC5-403A-AD9E-55EF3ACF30B8}.Debug|Any CPU.Build.0 = Debug|Any CPU
		{525B9DB1-0BC5-403A-AD9E-55EF3ACF30B8}.Release|Any CPU.ActiveCfg = Release|Any CPU
		{525B9DB1-0BC5-403A-AD9E-55EF3ACF30B8}.Release|Any CPU.Build.0 = Release|Any CPU
		{2FFA8EF4-C6CD-4C5B-864A-0747C5C759B2}.Debug|Any CPU.ActiveCfg = Debug|Any CPU
		{2FFA8EF4-C6CD-4C5B-864A-0747C5C759B2}.Debug|Any CPU.Build.0 = Debug|Any CPU
		{2FFA8EF4-C6CD-4C5B-864A-0747C5C759B2}.Release|Any CPU.ActiveCfg = Release|Any CPU
		{2FFA8EF4-C6CD-4C5B-864A-0747C5C759B2}.Release|Any CPU.Build.0 = Release|Any CPU
		{8C05D58F-D309-4310-AFAC-FEBF56141E72}.Debug|Any CPU.ActiveCfg = Debug|Any CPU
		{8C05D58F-D309-4310-AFAC-FEBF56141E72}.Debug|Any CPU.Build.0 = Debug|Any CPU
		{8C05D58F-D309-4310-AFAC-FEBF56141E72}.Release|Any CPU.ActiveCfg = Release|Any CPU
		{8C05D58F-D309-4310-AFAC-FEBF56141E72}.Release|Any CPU.Build.0 = Release|Any CPU
		{DFB89486-4EA2-4ABF-B80D-31ABCA06B34C}.Debug|Any CPU.ActiveCfg = Debug|Any CPU
		{DFB89486-4EA2-4ABF-B80D-31ABCA06B34C}.Debug|Any CPU.Build.0 = Debug|Any CPU
		{DFB89486-4EA2-4ABF-B80D-31ABCA06B34C}.Release|Any CPU.ActiveCfg = Release|Any CPU
		{DFB89486-4EA2-4ABF-B80D-31ABCA06B34C}.Release|Any CPU.Build.0 = Release|Any CPU
		{CD9BA6CB-3153-4B1A-891A-EDAB2A2A9130}.Debug|Any CPU.ActiveCfg = Debug|Any CPU
		{CD9BA6CB-3153-4B1A-891A-EDAB2A2A9130}.Debug|Any CPU.Build.0 = Debug|Any CPU
		{CD9BA6CB-3153-4B1A-891A-EDAB2A2A9130}.Release|Any CPU.ActiveCfg = Release|Any CPU
		{CD9BA6CB-3153-4B1A-891A-EDAB2A2A9130}.Release|Any CPU.Build.0 = Release|Any CPU
		{A148113B-B66B-4235-B360-51C08884715D}.Debug|Any CPU.ActiveCfg = Debug|Any CPU
		{A148113B-B66B-4235-B360-51C08884715D}.Debug|Any CPU.Build.0 = Debug|Any CPU
		{A148113B-B66B-4235-B360-51C08884715D}.Release|Any CPU.ActiveCfg = Release|Any CPU
		{A148113B-B66B-4235-B360-51C08884715D}.Release|Any CPU.Build.0 = Release|Any CPU
		{3F8B9FD8-F9EE-46C0-B494-4E830363D893}.Debug|Any CPU.ActiveCfg = Debug|Any CPU
		{3F8B9FD8-F9EE-46C0-B494-4E830363D893}.Debug|Any CPU.Build.0 = Debug|Any CPU
		{3F8B9FD8-F9EE-46C0-B494-4E830363D893}.Release|Any CPU.ActiveCfg = Release|Any CPU
		{3F8B9FD8-F9EE-46C0-B494-4E830363D893}.Release|Any CPU.Build.0 = Release|Any CPU
		{4276F28B-0D74-4200-9222-3A755B7FE53D}.Debug|Any CPU.ActiveCfg = Debug|Any CPU
		{4276F28B-0D74-4200-9222-3A755B7FE53D}.Debug|Any CPU.Build.0 = Debug|Any CPU
		{4276F28B-0D74-4200-9222-3A755B7FE53D}.Release|Any CPU.ActiveCfg = Release|Any CPU
		{4276F28B-0D74-4200-9222-3A755B7FE53D}.Release|Any CPU.Build.0 = Release|Any CPU
		{0700C1E2-B809-4928-AE77-FDE65EA29F2A}.Debug|Any CPU.ActiveCfg = Debug|Any CPU
		{0700C1E2-B809-4928-AE77-FDE65EA29F2A}.Debug|Any CPU.Build.0 = Debug|Any CPU
		{0700C1E2-B809-4928-AE77-FDE65EA29F2A}.Release|Any CPU.ActiveCfg = Release|Any CPU
		{0700C1E2-B809-4928-AE77-FDE65EA29F2A}.Release|Any CPU.Build.0 = Release|Any CPU
		{65C44031-DEA6-4BC5-A3A5-667DB9B21CE1}.Debug|Any CPU.ActiveCfg = Debug|Any CPU
		{65C44031-DEA6-4BC5-A3A5-667DB9B21CE1}.Debug|Any CPU.Build.0 = Debug|Any CPU
		{65C44031-DEA6-4BC5-A3A5-667DB9B21CE1}.Release|Any CPU.ActiveCfg = Release|Any CPU
		{65C44031-DEA6-4BC5-A3A5-667DB9B21CE1}.Release|Any CPU.Build.0 = Release|Any CPU
		{62690B89-18A0-4F81-A611-BCB7ABBEAC98}.Debug|Any CPU.ActiveCfg = Debug|Any CPU
		{62690B89-18A0-4F81-A611-BCB7ABBEAC98}.Debug|Any CPU.Build.0 = Debug|Any CPU
		{62690B89-18A0-4F81-A611-BCB7ABBEAC98}.Release|Any CPU.ActiveCfg = Release|Any CPU
		{62690B89-18A0-4F81-A611-BCB7ABBEAC98}.Release|Any CPU.Build.0 = Release|Any CPU
		{87081F41-8FE9-46E3-9720-CE87B33C38E9}.Debug|Any CPU.ActiveCfg = Debug|Any CPU
		{87081F41-8FE9-46E3-9720-CE87B33C38E9}.Debug|Any CPU.Build.0 = Debug|Any CPU
		{87081F41-8FE9-46E3-9720-CE87B33C38E9}.Release|Any CPU.ActiveCfg = Release|Any CPU
		{87081F41-8FE9-46E3-9720-CE87B33C38E9}.Release|Any CPU.Build.0 = Release|Any CPU
		{1C44BB55-BEF5-405B-838F-DF01C4EB5754}.Debug|Any CPU.ActiveCfg = Debug|Any CPU
		{1C44BB55-BEF5-405B-838F-DF01C4EB5754}.Debug|Any CPU.Build.0 = Debug|Any CPU
		{1C44BB55-BEF5-405B-838F-DF01C4EB5754}.Release|Any CPU.ActiveCfg = Release|Any CPU
		{1C44BB55-BEF5-405B-838F-DF01C4EB5754}.Release|Any CPU.Build.0 = Release|Any CPU
		{6FFD72FF-1077-4AF0-958F-767A31A09BAF}.Debug|Any CPU.ActiveCfg = Debug|Any CPU
		{6FFD72FF-1077-4AF0-958F-767A31A09BAF}.Debug|Any CPU.Build.0 = Debug|Any CPU
		{6FFD72FF-1077-4AF0-958F-767A31A09BAF}.Release|Any CPU.ActiveCfg = Release|Any CPU
		{6FFD72FF-1077-4AF0-958F-767A31A09BAF}.Release|Any CPU.Build.0 = Release|Any CPU
		{5C029253-8D60-496F-B4CC-73FBE7EAD877}.Debug|Any CPU.ActiveCfg = Debug|Any CPU
		{5C029253-8D60-496F-B4CC-73FBE7EAD877}.Debug|Any CPU.Build.0 = Debug|Any CPU
		{5C029253-8D60-496F-B4CC-73FBE7EAD877}.Release|Any CPU.ActiveCfg = Release|Any CPU
		{5C029253-8D60-496F-B4CC-73FBE7EAD877}.Release|Any CPU.Build.0 = Release|Any CPU
		{742221C5-6324-4D4C-A044-8925C5057C70}.Debug|Any CPU.ActiveCfg = Debug|Any CPU
		{742221C5-6324-4D4C-A044-8925C5057C70}.Debug|Any CPU.Build.0 = Debug|Any CPU
		{742221C5-6324-4D4C-A044-8925C5057C70}.Release|Any CPU.ActiveCfg = Release|Any CPU
		{742221C5-6324-4D4C-A044-8925C5057C70}.Release|Any CPU.Build.0 = Release|Any CPU
		{2EA415E5-C64F-4EC1-AAD4-8D122A7BD548}.Debug|Any CPU.ActiveCfg = Debug|Any CPU
		{2EA415E5-C64F-4EC1-AAD4-8D122A7BD548}.Debug|Any CPU.Build.0 = Debug|Any CPU
		{2EA415E5-C64F-4EC1-AAD4-8D122A7BD548}.Release|Any CPU.ActiveCfg = Release|Any CPU
		{2EA415E5-C64F-4EC1-AAD4-8D122A7BD548}.Release|Any CPU.Build.0 = Release|Any CPU
		{FBC030BF-7CBF-42E4-B792-715B9E059F62}.Debug|Any CPU.ActiveCfg = Debug|Any CPU
		{FBC030BF-7CBF-42E4-B792-715B9E059F62}.Debug|Any CPU.Build.0 = Debug|Any CPU
		{FBC030BF-7CBF-42E4-B792-715B9E059F62}.Release|Any CPU.ActiveCfg = Release|Any CPU
		{FBC030BF-7CBF-42E4-B792-715B9E059F62}.Release|Any CPU.Build.0 = Release|Any CPU
	EndGlobalSection
	GlobalSection(SolutionProperties) = preSolution
		HideSolutionNode = FALSE
	EndGlobalSection
	GlobalSection(NestedProjects) = preSolution
		{77D46EA9-A6C2-447C-B98E-D8A0F80788A6} = {2C7BC72D-6C34-4C71-AF34-63491D8BB5E0}
		{50CD473D-7AE5-4C38-A37B-D29CB4D991E0} = {2C7BC72D-6C34-4C71-AF34-63491D8BB5E0}
		{23E39B31-0E19-4692-A324-3A9F06910881} = {2C7BC72D-6C34-4C71-AF34-63491D8BB5E0}
		{AC67128E-0C9C-4736-8F73-34D7931DDDBF} = {2C7BC72D-6C34-4C71-AF34-63491D8BB5E0}
		{EB682392-80D6-46B4-9B79-40D0228145F8} = {2C7BC72D-6C34-4C71-AF34-63491D8BB5E0}
		{50DF1492-5523-4446-B118-87AA54C89FC5} = {2C7BC72D-6C34-4C71-AF34-63491D8BB5E0}
		{F63DF7CD-CB87-4A93-BEA1-CA7540A91F28} = {2C7BC72D-6C34-4C71-AF34-63491D8BB5E0}
		{0869F19B-14AC-446C-A208-BED53A3866CC} = {2C7BC72D-6C34-4C71-AF34-63491D8BB5E0}
		{EEA5E1CA-033D-434E-8C4E-45BFFD6472C2} = {2C7BC72D-6C34-4C71-AF34-63491D8BB5E0}
		{6DDFA9AB-1B02-43D0-AADC-F33999F34C12} = {2C7BC72D-6C34-4C71-AF34-63491D8BB5E0}
		{1555704D-4516-46BD-A07B-EEC216193601} = {2C7BC72D-6C34-4C71-AF34-63491D8BB5E0}
		{525B9DB1-0BC5-403A-AD9E-55EF3ACF30B8} = {2C7BC72D-6C34-4C71-AF34-63491D8BB5E0}
		{2FFA8EF4-C6CD-4C5B-864A-0747C5C759B2} = {2C7BC72D-6C34-4C71-AF34-63491D8BB5E0}
		{8C05D58F-D309-4310-AFAC-FEBF56141E72} = {2C7BC72D-6C34-4C71-AF34-63491D8BB5E0}
		{DFB89486-4EA2-4ABF-B80D-31ABCA06B34C} = {2C7BC72D-6C34-4C71-AF34-63491D8BB5E0}
		{CD9BA6CB-3153-4B1A-891A-EDAB2A2A9130} = {2C7BC72D-6C34-4C71-AF34-63491D8BB5E0}
		{A148113B-B66B-4235-B360-51C08884715D} = {2C7BC72D-6C34-4C71-AF34-63491D8BB5E0}
		{3F8B9FD8-F9EE-46C0-B494-4E830363D893} = {869BBB5D-CF78-4DB1-B99F-EC62CE41C15D}
		{4276F28B-0D74-4200-9222-3A755B7FE53D} = {869BBB5D-CF78-4DB1-B99F-EC62CE41C15D}
		{0700C1E2-B809-4928-AE77-FDE65EA29F2A} = {869BBB5D-CF78-4DB1-B99F-EC62CE41C15D}
		{65C44031-DEA6-4BC5-A3A5-667DB9B21CE1} = {869BBB5D-CF78-4DB1-B99F-EC62CE41C15D}
		{62690B89-18A0-4F81-A611-BCB7ABBEAC98} = {6BA5DA6A-5078-4486-B8A9-4CF159D0C2FC}
		{87081F41-8FE9-46E3-9720-CE87B33C38E9} = {6BA5DA6A-5078-4486-B8A9-4CF159D0C2FC}
		{1C44BB55-BEF5-405B-838F-DF01C4EB5754} = {6BA5DA6A-5078-4486-B8A9-4CF159D0C2FC}
		{6FFD72FF-1077-4AF0-958F-767A31A09BAF} = {6BA5DA6A-5078-4486-B8A9-4CF159D0C2FC}
		{5C029253-8D60-496F-B4CC-73FBE7EAD877} = {6BA5DA6A-5078-4486-B8A9-4CF159D0C2FC}
		{742221C5-6324-4D4C-A044-8925C5057C70} = {6BA5DA6A-5078-4486-B8A9-4CF159D0C2FC}
		{2EA415E5-C64F-4EC1-AAD4-8D122A7BD548} = {E613A157-29A2-405C-BA14-36F515887744}
		{FBC030BF-7CBF-42E4-B792-715B9E059F62} = {E613A157-29A2-405C-BA14-36F515887744}
	EndGlobalSection
	GlobalSection(ExtensibilityGlobals) = postSolution
		SolutionGuid = {AA4DEC9F-28D0-41C5-B562-12712FF7DF79}
	EndGlobalSection
EndGlobal
