
Microsoft Visual Studio Solution File, Format Version 12.00
# Visual Studio Version 16
VisualStudioVersion = 16.0.29306.81
MinimumVisualStudioVersion = 10.0.40219.1
Project("{9A19103F-16F7-4668-BE54-9A1E7A4F7556}") = "Promedio", "Promedio 2\Promedio.csproj", "{28AD2877-1DD3-470D-9B08-FDD245EA32DE}"
EndProject
Global
	GlobalSection(SolutionConfigurationPlatforms) = preSolution
		Debug|Any CPU = Debug|Any CPU
		Release|Any CPU = Release|Any CPU
	EndGlobalSection
	GlobalSection(ProjectConfigurationPlatforms) = postSolution
		{28AD2877-1DD3-470D-9B08-FDD245EA32DE}.Debug|Any CPU.ActiveCfg = Debug|Any CPU
		{28AD2877-1DD3-470D-9B08-FDD245EA32DE}.Debug|Any CPU.Build.0 = Debug|Any CPU
		{28AD2877-1DD3-470D-9B08-FDD245EA32DE}.Release|Any CPU.ActiveCfg = Release|Any CPU
		{28AD2877-1DD3-470D-9B08-FDD245EA32DE}.Release|Any CPU.Build.0 = Release|Any CPU
	EndGlobalSection
	GlobalSection(SolutionProperties) = preSolution
		HideSolutionNode = FALSE
	EndGlobalSection
	GlobalSection(ExtensibilityGlobals) = postSolution
		SolutionGuid = {E3F2787E-2A85-42BE-9D27-C7BCC30026B6}
	EndGlobalSection
EndGlobal
